{
  "name": "pipeline-gui",
  "version": "0.1.0",
  "lockfileVersion": 2,
  "requires": true,
  "packages": {
    "": {
      "version": "0.1.0",
      "dependencies": {
        "webview": "^1.0.0",
        "ws": "^7.4.5"
      }
    },
    "node_modules/webview": {
      "version": "1.0.0",
      "resolved": "https://registry.npmjs.org/webview/-/webview-1.0.0.tgz",
      "integrity": "sha512-BV+mmVhbRwe2/kKs7h/RWOG8Fy4qOPM6DEyXAQzJAf28PtSWWFJSPp/YUhVtap8gMOwKgG6rN4Ydv7+1QCq21A==",
      "dependencies": {
        "yargs-parser": "^20.2.0"
      },
      "bin": {
        "webview": "cli.js"
      }
    },
    "node_modules/ws": {
      "version": "7.4.5",
      "resolved": "https://registry.npmjs.org/ws/-/ws-7.4.5.tgz",
      "integrity": "sha512-xzyu3hFvomRfXKH8vOFMU3OguG6oOvhXMo3xsGy3xWExqaM2dxBbVxuD99O7m3ZUFMvvscsZDqxfgMaRr/Nr1g==",
      "engines": {
        "node": ">=8.3.0"
      },
      "peerDependencies": {
        "bufferutil": "^4.0.1",
        "utf-8-validate": "^5.0.2"
      },
      "peerDependenciesMeta": {
        "bufferutil": {
          "optional": true
        },
        "utf-8-validate": {
          "optional": true
        }
      }
    },
    "node_modules/yargs-parser": {
      "version": "20.2.7",
      "resolved": "https://registry.npmjs.org/yargs-parser/-/yargs-parser-20.2.7.tgz",
      "integrity": "sha512-FiNkvbeHzB/syOjIUxFDCnhSfzAL8R5vs40MgLFBorXACCOAEaWu0gRZl14vG8MR9AOJIZbmkjhusqBYZ3HTHw==",
      "engines": {
        "node": ">=10"
      }
    }
  },
  "dependencies": {
    "webview": {
      "version": "1.0.0",
      "resolved": "https://registry.npmjs.org/webview/-/webview-1.0.0.tgz",
      "integrity": "sha512-BV+mmVhbRwe2/kKs7h/RWOG8Fy4qOPM6DEyXAQzJAf28PtSWWFJSPp/YUhVtap8gMOwKgG6rN4Ydv7+1QCq21A==",
      "requires": {
        "yargs-parser": "^20.2.0"
      }
    },
    "ws": {
      "version": "7.4.5",
      "resolved": "https://registry.npmjs.org/ws/-/ws-7.4.5.tgz",
      "integrity": "sha512-xzyu3hFvomRfXKH8vOFMU3OguG6oOvhXMo3xsGy3xWExqaM2dxBbVxuD99O7m3ZUFMvvscsZDqxfgMaRr/Nr1g==",
      "requires": {}
    },
    "yargs-parser": {
      "version": "20.2.7",
      "resolved": "https://registry.npmjs.org/yargs-parser/-/yargs-parser-20.2.7.tgz",
      "integrity": "sha512-FiNkvbeHzB/syOjIUxFDCnhSfzAL8R5vs40MgLFBorXACCOAEaWu0gRZl14vG8MR9AOJIZbmkjhusqBYZ3HTHw=="
    }
  }
}
